
Microsoft Visual Studio Solution File, Format Version 12.00
# Visual Studio Version 16
VisualStudioVersion = 16.0.31702.278
MinimumVisualStudioVersion = 10.0.40219.1
Project("{FAE04EC0-301F-11D3-BF4B-00C04F79EFBC}") = "Lab1№7", "Lab1№7\Lab1№7.csproj", "{E1880D58-8CA2-479B-8589-E0E0F335D4ED}"
EndProject
Global
	GlobalSection(SolutionConfigurationPlatforms) = preSolution
		Debug|Any CPU = Debug|Any CPU
		Release|Any CPU = Release|Any CPU
	EndGlobalSection
	GlobalSection(ProjectConfigurationPlatforms) = postSolution
		{E1880D58-8CA2-479B-8589-E0E0F335D4ED}.Debug|Any CPU.ActiveCfg = Debug|Any CPU
		{E1880D58-8CA2-479B-8589-E0E0F335D4ED}.Debug|Any CPU.Build.0 = Debug|Any CPU
		{E1880D58-8CA2-479B-8589-E0E0F335D4ED}.Release|Any CPU.ActiveCfg = Release|Any CPU
		{E1880D58-8CA2-479B-8589-E0E0F335D4ED}.Release|Any CPU.Build.0 = Release|Any CPU
	EndGlobalSection
	GlobalSection(SolutionProperties) = preSolution
		HideSolutionNode = FALSE
	EndGlobalSection
	GlobalSection(ExtensibilityGlobals) = postSolution
		SolutionGuid = {C5711C07-E050-4495-BEFA-BF964B5FCF4A}
	EndGlobalSection
EndGlobal
